
Microsoft Visual Studio Solution File, Format Version 12.00
# Visual Studio Express 15 for Windows Desktop
VisualStudioVersion = 15.0.28307.1259
MinimumVisualStudioVersion = 10.0.40219.1
Project("{FAE04EC0-301F-11D3-BF4B-00C04F79EFBC}") = "HaloFitnessApp", "HaloFitnessApp\HaloFitnessApp.csproj", "{6B504DDD-48EE-4F73-AF4C-6D10EDDA996E}"
EndProject
Global
	GlobalSection(SolutionConfigurationPlatforms) = preSolution
		Debug|Any CPU = Debug|Any CPU
		Release|Any CPU = Release|Any CPU
	EndGlobalSection
	GlobalSection(ProjectConfigurationPlatforms) = postSolution
		{6B504DDD-48EE-4F73-AF4C-6D10EDDA996E}.Debug|Any CPU.ActiveCfg = Debug|Any CPU
		{6B504DDD-48EE-4F73-AF4C-6D10EDDA996E}.Debug|Any CPU.Build.0 = Debug|Any CPU
		{6B504DDD-48EE-4F73-AF4C-6D10EDDA996E}.Release|Any CPU.ActiveCfg = Release|Any CPU
		{6B504DDD-48EE-4F73-AF4C-6D10EDDA996E}.Release|Any CPU.Build.0 = Release|Any CPU
	EndGlobalSection
	GlobalSection(SolutionProperties) = preSolution
		HideSolutionNode = FALSE
	EndGlobalSection
	GlobalSection(ExtensibilityGlobals) = postSolution
		SolutionGuid = {585167CA-05D0-4D3F-BDA3-AB38D9003186}
	EndGlobalSection
EndGlobal
